// !$*UTF8*$!
{
	archiveVersion = 1;
	classes = {
	};
	objectVersion = 46;
	objects = {

/* Begin PBXBuildFile section */
		23AA6A6A1974484D00556D54 /* Foundation.framework in Frameworks */ = {isa = PBXBuildFile; fileRef = 23AA6A691974484D00556D54 /* Foundation.framework */; };
		23AA6A6C1974484D00556D54 /* CoreGraphics.framework in Frameworks */ = {isa = PBXBuildFile; fileRef = 23AA6A6B1974484D00556D54 /* CoreGraphics.framework */; };
		23AA6A6E1974484D00556D54 /* UIKit.framework in Frameworks */ = {isa = PBXBuildFile; fileRef = 23AA6A6D1974484D00556D54 /* UIKit.framework */; };
		23AA6A741974484D00556D54 /* InfoPlist.strings in Resources */ = {isa = PBXBuildFile; fileRef = 23AA6A721974484D00556D54 /* InfoPlist.strings */; };
		23AA6A761974484D00556D54 /* main.m in Sources */ = {isa = PBXBuildFile; fileRef = 23AA6A751974484D00556D54 /* main.m */; };
		23AA6A7A1974484D00556D54 /* AppDelegate.m in Sources */ = {isa = PBXBuildFile; fileRef = 23AA6A791974484D00556D54 /* AppDelegate.m */; };
		23AA6A7C1974484D00556D54 /* Images.xcassets in Resources */ = {isa = PBXBuildFile; fileRef = 23AA6A7B1974484D00556D54 /* Images.xcassets */; };
		23AA6A831974484D00556D54 /* XCTest.framework in Frameworks */ = {isa = PBXBuildFile; fileRef = 23AA6A821974484D00556D54 /* XCTest.framework */; };
		23AA6A841974484D00556D54 /* Foundation.framework in Frameworks */ = {isa = PBXBuildFile; fileRef = 23AA6A691974484D00556D54 /* Foundation.framework */; };
		23AA6A851974484D00556D54 /* UIKit.framework in Frameworks */ = {isa = PBXBuildFile; fileRef = 23AA6A6D1974484D00556D54 /* UIKit.framework */; };
		23AA6A8D1974484D00556D54 /* InfoPlist.strings in Resources */ = {isa = PBXBuildFile; fileRef = 23AA6A8B1974484D00556D54 /* InfoPlist.strings */; };
		23AA6A8F1974484D00556D54 /* Small_QuizTests.m in Sources */ = {isa = PBXBuildFile; fileRef = 23AA6A8E1974484D00556D54 /* Small_QuizTests.m */; };
		23AA6AA119744A4900556D54 /* QuizViewController.m in Sources */ = {isa = PBXBuildFile; fileRef = 23AA6A9F19744A4900556D54 /* QuizViewController.m */; };
		23AA6AA219744A4900556D54 /* QuizViewController.xib in Resources */ = {isa = PBXBuildFile; fileRef = 23AA6AA019744A4900556D54 /* QuizViewController.xib */; };
/* End PBXBuildFile section */

/* Begin PBXContainerItemProxy section */
		23AA6A861974484D00556D54 /* PBXContainerItemProxy */ = {
			isa = PBXContainerItemProxy;
			containerPortal = 23AA6A5E1974484C00556D54 /* Project object */;
			proxyType = 1;
			remoteGlobalIDString = 23AA6A651974484C00556D54;
			remoteInfo = "Small Quiz";
		};
/* End PBXContainerItemProxy section */

/* Begin PBXFileReference section */
		23AA6A661974484D00556D54 /* Small Quiz.app */ = {isa = PBXFileReference; explicitFileType = wrapper.application; includeInIndex = 0; path = "Small Quiz.app"; sourceTree = BUILT_PRODUCTS_DIR; };
		23AA6A691974484D00556D54 /* Foundation.framework */ = {isa = PBXFileReference; lastKnownFileType = wrapper.framework; name = Foundation.framework; path = System/Library/Frameworks/Foundation.framework; sourceTree = SDKROOT; };
		23AA6A6B1974484D00556D54 /* CoreGraphics.framework */ = {isa = PBXFileReference; lastKnownFileType = wrapper.framework; name = CoreGraphics.framework; path = System/Library/Frameworks/CoreGraphics.framework; sourceTree = SDKROOT; };
		23AA6A6D1974484D00556D54 /* UIKit.framework */ = {isa = PBXFileReference; lastKnownFileType = wrapper.framework; name = UIKit.framework; path = System/Library/Frameworks/UIKit.framework; sourceTree = SDKROOT; };
		23AA6A711974484D00556D54 /* Small Quiz-Info.plist */ = {isa = PBXFileReference; lastKnownFileType = text.plist.xml; path = "Small Quiz-Info.plist"; sourceTree = "<group>"; };
		23AA6A731974484D00556D54 /* en */ = {isa = PBXFileReference; lastKnownFileType = text.plist.strings; name = en; path = en.lproj/InfoPlist.strings; sourceTree = "<group>"; };
		23AA6A751974484D00556D54 /* main.m */ = {isa = PBXFileReference; lastKnownFileType = sourcecode.c.objc; path = main.m; sourceTree = "<group>"; };
		23AA6A771974484D00556D54 /* Small Quiz-Prefix.pch */ = {isa = PBXFileReference; lastKnownFileType = sourcecode.c.h; path = "Small Quiz-Prefix.pch"; sourceTree = "<group>"; };
		23AA6A781974484D00556D54 /* AppDelegate.h */ = {isa = PBXFileReference; lastKnownFileType = sourcecode.c.h; path = AppDelegate.h; sourceTree = "<group>"; };
		23AA6A791974484D00556D54 /* AppDelegate.m */ = {isa = PBXFileReference; lastKnownFileType = sourcecode.c.objc; path = AppDelegate.m; sourceTree = "<group>"; };
		23AA6A7B1974484D00556D54 /* Images.xcassets */ = {isa = PBXFileReference; lastKnownFileType = folder.assetcatalog; path = Images.xcassets; sourceTree = "<group>"; };
		23AA6A811974484D00556D54 /* Small QuizTests.xctest */ = {isa = PBXFileReference; explicitFileType = wrapper.cfbundle; includeInIndex = 0; path = "Small QuizTests.xctest"; sourceTree = BUILT_PRODUCTS_DIR; };
		23AA6A821974484D00556D54 /* XCTest.framework */ = {isa = PBXFileReference; lastKnownFileType = wrapper.framework; name = XCTest.framework; path = Library/Frameworks/XCTest.framework; sourceTree = DEVELOPER_DIR; };
		23AA6A8A1974484D00556D54 /* Small QuizTests-Info.plist */ = {isa = PBXFileReference; lastKnownFileType = text.plist.xml; path = "Small QuizTests-Info.plist"; sourceTree = "<group>"; };
		23AA6A8C1974484D00556D54 /* en */ = {isa = PBXFileReference; lastKnownFileType = text.plist.strings; name = en; path = en.lproj/InfoPlist.strings; sourceTree = "<group>"; };
		23AA6A8E1974484D00556D54 /* Small_QuizTests.m */ = {isa = PBXFileReference; lastKnownFileType = sourcecode.c.objc; path = Small_QuizTests.m; sourceTree = "<group>"; };
		23AA6A9E19744A4900556D54 /* QuizViewController.h */ = {isa = PBXFileReference; fileEncoding = 4; lastKnownFileType = sourcecode.c.h; path = QuizViewController.h; sourceTree = "<group>"; };
		23AA6A9F19744A4900556D54 /* QuizViewController.m */ = {isa = PBXFileReference; fileEncoding = 4; lastKnownFileType = sourcecode.c.objc; path = QuizViewController.m; sourceTree = "<group>"; };
		23AA6AA019744A4900556D54 /* QuizViewController.xib */ = {isa = PBXFileReference; fileEncoding = 4; lastKnownFileType = file.xib; path = QuizViewController.xib; sourceTree = "<group>"; };
/* End PBXFileReference section */

/* Begin PBXFrameworksBuildPhase section */
		23AA6A631974484C00556D54 /* Frameworks */ = {
			isa = PBXFrameworksBuildPhase;
			buildActionMask = 2147483647;
			files = (
				23AA6A6C1974484D00556D54 /* CoreGraphics.framework in Frameworks */,
				23AA6A6E1974484D00556D54 /* UIKit.framework in Frameworks */,
				23AA6A6A1974484D00556D54 /* Foundation.framework in Frameworks */,
			);
			runOnlyForDeploymentPostprocessing = 0;
		};
		23AA6A7E1974484D00556D54 /* Frameworks */ = {
			isa = PBXFrameworksBuildPhase;
			buildActionMask = 2147483647;
			files = (
				23AA6A831974484D00556D54 /* XCTest.framework in Frameworks */,
				23AA6A851974484D00556D54 /* UIKit.framework in Frameworks */,
				23AA6A841974484D00556D54 /* Foundation.framework in Frameworks */,
			);
			runOnlyForDeploymentPostprocessing = 0;
		};
/* End PBXFrameworksBuildPhase section */

/* Begin PBXGroup section */
		23AA6A5D1974484C00556D54 = {
			isa = PBXGroup;
			children = (
				23AA6A6F1974484D00556D54 /* Small Quiz */,
				23AA6A881974484D00556D54 /* Small QuizTests */,
				23AA6A681974484D00556D54 /* Frameworks */,
				23AA6A671974484D00556D54 /* Products */,
			);
			sourceTree = "<group>";
		};
		23AA6A671974484D00556D54 /* Products */ = {
			isa = PBXGroup;
			children = (
				23AA6A661974484D00556D54 /* Small Quiz.app */,
				23AA6A811974484D00556D54 /* Small QuizTests.xctest */,
			);
			name = Products;
			sourceTree = "<group>";
		};
		23AA6A681974484D00556D54 /* Frameworks */ = {
			isa = PBXGroup;
			children = (
				23AA6A691974484D00556D54 /* Foundation.framework */,
				23AA6A6B1974484D00556D54 /* CoreGraphics.framework */,
				23AA6A6D1974484D00556D54 /* UIKit.framework */,
				23AA6A821974484D00556D54 /* XCTest.framework */,
			);
			name = Frameworks;
			sourceTree = "<group>";
		};
		23AA6A6F1974484D00556D54 /* Small Quiz */ = {
			isa = PBXGroup;
			children = (
				23AA6A781974484D00556D54 /* AppDelegate.h */,
				23AA6A791974484D00556D54 /* AppDelegate.m */,
				23AA6A7B1974484D00556D54 /* Images.xcassets */,
				23AA6A701974484D00556D54 /* Supporting Files */,
				23AA6A9E19744A4900556D54 /* QuizViewController.h */,
				23AA6A9F19744A4900556D54 /* QuizViewController.m */,
				23AA6AA019744A4900556D54 /* QuizViewController.xib */,
			);
			path = "Small Quiz";
			sourceTree = "<group>";
		};
		23AA6A701974484D00556D54 /* Supporting Files */ = {
			isa = PBXGroup;
			children = (
				23AA6A711974484D00556D54 /* Small Quiz-Info.plist */,
				23AA6A721974484D00556D54 /* InfoPlist.strings */,
				23AA6A751974484D00556D54 /* main.m */,
				23AA6A771974484D00556D54 /* Small Quiz-Prefix.pch */,
			);
			name = "Supporting Files";
			sourceTree = "<group>";
		};
		23AA6A881974484D00556D54 /* Small QuizTests */ = {
			isa = PBXGroup;
			children = (
				23AA6A8E1974484D00556D54 /* Small_QuizTests.m */,
				23AA6A891974484D00556D54 /* Supporting Files */,
			);
			path = "Small QuizTests";
			sourceTree = "<group>";
		};
		23AA6A891974484D00556D54 /* Supporting Files */ = {
			isa = PBXGroup;
			children = (
				23AA6A8A1974484D00556D54 /* Small QuizTests-Info.plist */,
				23AA6A8B1974484D00556D54 /* InfoPlist.strings */,
			);
			name = "Supporting Files";
			sourceTree = "<group>";
		};
/* End PBXGroup section */

/* Begin PBXNativeTarget section */
		23AA6A651974484C00556D54 /* Small Quiz */ = {
			isa = PBXNativeTarget;
			buildConfigurationList = 23AA6A921974484D00556D54 /* Build configuration list for PBXNativeTarget "Small Quiz" */;
			buildPhases = (
				23AA6A621974484C00556D54 /* Sources */,
				23AA6A631974484C00556D54 /* Frameworks */,
				23AA6A641974484C00556D54 /* Resources */,
			);
			buildRules = (
			);
			dependencies = (
			);
			name = "Small Quiz";
			productName = "Small Quiz";
			productReference = 23AA6A661974484D00556D54 /* Small Quiz.app */;
			productType = "com.apple.product-type.application";
		};
		23AA6A801974484D00556D54 /* Small QuizTests */ = {
			isa = PBXNativeTarget;
			buildConfigurationList = 23AA6A951974484D00556D54 /* Build configuration list for PBXNativeTarget "Small QuizTests" */;
			buildPhases = (
				23AA6A7D1974484D00556D54 /* Sources */,
				23AA6A7E1974484D00556D54 /* Frameworks */,
				23AA6A7F1974484D00556D54 /* Resources */,
			);
			buildRules = (
			);
			dependencies = (
				23AA6A871974484D00556D54 /* PBXTargetDependency */,
			);
			name = "Small QuizTests";
			productName = "Small QuizTests";
			productReference = 23AA6A811974484D00556D54 /* Small QuizTests.xctest */;
			productType = "com.apple.product-type.bundle.unit-test";
		};
/* End PBXNativeTarget section */

/* Begin PBXProject section */
		23AA6A5E1974484C00556D54 /* Project object */ = {
			isa = PBXProject;
			attributes = {
				LastUpgradeCheck = 0510;
				ORGANIZATIONNAME = LinkedIn;
				TargetAttributes = {
					23AA6A801974484D00556D54 = {
						TestTargetID = 23AA6A651974484C00556D54;
					};
				};
			};
			buildConfigurationList = 23AA6A611974484C00556D54 /* Build configuration list for PBXProject "Small Quiz" */;
			compatibilityVersion = "Xcode 3.2";
			developmentRegion = English;
			hasScannedForEncodings = 0;
			knownRegions = (
				en,
			);
			mainGroup = 23AA6A5D1974484C00556D54;
			productRefGroup = 23AA6A671974484D00556D54 /* Products */;
			projectDirPath = "";
			projectRoot = "";
			targets = (
				23AA6A651974484C00556D54 /* Small Quiz */,
				23AA6A801974484D00556D54 /* Small QuizTests */,
			);
		};
/* End PBXProject section */

/* Begin PBXResourcesBuildPhase section */
		23AA6A641974484C00556D54 /* Resources */ = {
			isa = PBXResourcesBuildPhase;
			buildActionMask = 2147483647;
			files = (
				23AA6A741974484D00556D54 /* InfoPlist.strings in Resources */,
				23AA6A7C1974484D00556D54 /* Images.xcassets in Resources */,
				23AA6AA219744A4900556D54 /* QuizViewController.xib in Resources */,
			);
			runOnlyForDeploymentPostprocessing = 0;
		};
		23AA6A7F1974484D00556D54 /* Resources */ = {
			isa = PBXResourcesBuildPhase;
			buildActionMask = 2147483647;
			files = (
				23AA6A8D1974484D00556D54 /* InfoPlist.strings in Resources */,
			);
			runOnlyForDeploymentPostprocessing = 0;
		};
/* End PBXResourcesBuildPhase section */

/* Begin PBXSourcesBuildPhase section */
		23AA6A621974484C00556D54 /* Sources */ = {
			isa = PBXSourcesBuildPhase;
			buildActionMask = 2147483647;
			files = (
				23AA6A7A1974484D00556D54 /* AppDelegate.m in Sources */,
				23AA6A761974484D00556D54 /* main.m in Sources */,
				23AA6AA119744A4900556D54 /* QuizViewController.m in Sources */,
			);
			runOnlyForDeploymentPostprocessing = 0;
		};
		23AA6A7D1974484D00556D54 /* Sources */ = {
			isa = PBXSourcesBuildPhase;
			buildActionMask = 2147483647;
			files = (
				23AA6A8F1974484D00556D54 /* Small_QuizTests.m in Sources */,
			);
			runOnlyForDeploymentPostprocessing = 0;
		};
/* End PBXSourcesBuildPhase section */

/* Begin PBXTargetDependency section */
		23AA6A871974484D00556D54 /* PBXTargetDependency */ = {
			isa = PBXTargetDependency;
			target = 23AA6A651974484C00556D54 /* Small Quiz */;
			targetProxy = 23AA6A861974484D00556D54 /* PBXContainerItemProxy */;
		};
/* End PBXTargetDependency section */

/* Begin PBXVariantGroup section */
		23AA6A721974484D00556D54 /* InfoPlist.strings */ = {
			isa = PBXVariantGroup;
			children = (
				23AA6A731974484D00556D54 /* en */,
			);
			name = InfoPlist.strings;
			sourceTree = "<group>";
		};
		23AA6A8B1974484D00556D54 /* InfoPlist.strings */ = {
			isa = PBXVariantGroup;
			children = (
				23AA6A8C1974484D00556D54 /* en */,
			);
			name = InfoPlist.strings;
			sourceTree = "<group>";
		};
/* End PBXVariantGroup section */

/* Begin XCBuildConfiguration section */
		23AA6A901974484D00556D54 /* Debug */ = {
			isa = XCBuildConfiguration;
			buildSettings = {
				ALWAYS_SEARCH_USER_PATHS = NO;
				CLANG_CXX_LANGUAGE_STANDARD = "gnu++0x";
				CLANG_CXX_LIBRARY = "libc++";
				CLANG_ENABLE_MODULES = YES;
				CLANG_ENABLE_OBJC_ARC = YES;
				CLANG_WARN_BOOL_CONVERSION = YES;
				CLANG_WARN_CONSTANT_CONVERSION = YES;
				CLANG_WARN_DIRECT_OBJC_ISA_USAGE = YES_ERROR;
				CLANG_WARN_EMPTY_BODY = YES;
				CLANG_WARN_ENUM_CONVERSION = YES;
				CLANG_WARN_INT_CONVERSION = YES;
				CLANG_WARN_OBJC_ROOT_CLASS = YES_ERROR;
				CLANG_WARN__DUPLICATE_METHOD_MATCH = YES;
				"CODE_SIGN_IDENTITY[sdk=iphoneos*]" = "iPhone Developer";
				COPY_PHASE_STRIP = NO;
				GCC_C_LANGUAGE_STANDARD = gnu99;
				GCC_DYNAMIC_NO_PIC = NO;
				GCC_OPTIMIZATION_LEVEL = 0;
				GCC_PREPROCESSOR_DEFINITIONS = (
					"DEBUG=1",
					"$(inherited)",
				);
				GCC_SYMBOLS_PRIVATE_EXTERN = NO;
				GCC_WARN_64_TO_32_BIT_CONVERSION = YES;
				GCC_WARN_ABOUT_RETURN_TYPE = YES_ERROR;
				GCC_WARN_UNDECLARED_SELECTOR = YES;
				GCC_WARN_UNINITIALIZED_AUTOS = YES_AGGRESSIVE;
				GCC_WARN_UNUSED_FUNCTION = YES;
				GCC_WARN_UNUSED_VARIABLE = YES;
				IPHONEOS_DEPLOYMENT_TARGET = 7.1;
				ONLY_ACTIVE_ARCH = YES;
				SDKROOT = iphoneos;
				TARGETED_DEVICE_FAMILY = "1,2";
			};
			name = Debug;
		};
		23AA6A911974484D00556D54 /* Release */ = {
			isa = XCBuildConfiguration;
			buildSettings = {
				ALWAYS_SEARCH_USER_PATHS = NO;
				CLANG_CXX_LANGUAGE_STANDARD = "gnu++0x";
				CLANG_CXX_LIBRARY = "libc++";
				CLANG_ENABLE_MODULES = YES;
				CLANG_ENABLE_OBJC_ARC = YES;
				CLANG_WARN_BOOL_CONVERSION = YES;
				CLANG_WARN_CONSTANT_CONVERSION = YES;
				CLANG_WARN_DIRECT_OBJC_ISA_USAGE = YES_ERROR;
				CLANG_WARN_EMPTY_BODY = YES;
				CLANG_WARN_ENUM_CONVERSION = YES;
				CLANG_WARN_INT_CONVERSION = YES;
				CLANG_WARN_OBJC_ROOT_CLASS = YES_ERROR;
				CLANG_WARN__DUPLICATE_METHOD_MATCH = YES;
				"CODE_SIGN_IDENTITY[sdk=iphoneos*]" = "iPhone Developer";
				COPY_PHASE_STRIP = YES;
				ENABLE_NS_ASSERTIONS = NO;
				GCC_C_LANGUAGE_STANDARD = gnu99;
				GCC_WARN_64_TO_32_BIT_CONVERSION = YES;
				GCC_WARN_ABOUT_RETURN_TYPE = YES_ERROR;
				GCC_WARN_UNDECLARED_SELECTOR = YES;
				GCC_WARN_UNINITIALIZED_AUTOS = YES_AGGRESSIVE;
				GCC_WARN_UNUSED_FUNCTION = YES;
				GCC_WARN_UNUSED_VARIABLE = YES;
				IPHONEOS_DEPLOYMENT_TARGET = 7.1;
				SDKROOT = iphoneos;
				TARGETED_DEVICE_FAMILY = "1,2";
				VALIDATE_PRODUCT = YES;
			};
			name = Release;
		};
		23AA6A931974484D00556D54 /* Debug */ = {
			isa = XCBuildConfiguration;
			buildSettings = {
				ASSETCATALOG_COMPILER_APPICON_NAME = AppIcon;
				ASSETCATALOG_COMPILER_LAUNCHIMAGE_NAME = LaunchImage;
				GCC_PRECOMPILE_PREFIX_HEADER = YES;
				GCC_PREFIX_HEADER = "Small Quiz/Small Quiz-Prefix.pch";
				INFOPLIST_FILE = "Small Quiz/Small Quiz-Info.plist";
				PRODUCT_NAME = "$(TARGET_NAME)";
				WRAPPER_EXTENSION = app;
			};
			name = Debug;
		};
		23AA6A941974484D00556D54 /* Release */ = {
			isa = XCBuildConfiguration;
			buildSettings = {
				ASSETCATALOG_COMPILER_APPICON_NAME = AppIcon;
				ASSETCATALOG_COMPILER_LAUNCHIMAGE_NAME = LaunchImage;
				GCC_PRECOMPILE_PREFIX_HEADER = YES;
				GCC_PREFIX_HEADER = "Small Quiz/Small Quiz-Prefix.pch";
				INFOPLIST_FILE = "Small Quiz/Small Quiz-Info.plist";
				PRODUCT_NAME = "$(TARGET_NAME)";
				WRAPPER_EXTENSION = app;
			};
			name = Release;
		};
		23AA6A961974484D00556D54 /* Debug */ = {
			isa = XCBuildConfiguration;
			buildSettings = {
				BUNDLE_LOADER = "$(BUILT_PRODUCTS_DIR)/Small Quiz.app/Small Quiz";
				FRAMEWORK_SEARCH_PATHS = (
					"$(SDKROOT)/Developer/Library/Frameworks",
					"$(inherited)",
					"$(DEVELOPER_FRAMEWORKS_DIR)",
				);
				GCC_PRECOMPILE_PREFIX_HEADER = YES;
				GCC_PREFIX_HEADER = "Small Quiz/Small Quiz-Prefix.pch";
				GCC_PREPROCESSOR_DEFINITIONS = (
					"DEBUG=1",
					"$(inherited)",
				);
				INFOPLIST_FILE = "Small QuizTests/Small QuizTests-Info.plist";
				PRODUCT_NAME = "$(TARGET_NAME)";
				TEST_HOST = "$(BUNDLE_LOADER)";
				WRAPPER_EXTENSION = xctest;
			};
			name = Debug;
		};
		23AA6A971974484D00556D54 /* Release */ = {
			isa = XCBuildConfiguration;
			buildSettings = {
				BUNDLE_LOADER = "$(BUILT_PRODUCTS_DIR)/Small Quiz.app/Small Quiz";
				FRAMEWORK_SEARCH_PATHS = (
					"$(SDKROOT)/Developer/Library/Frameworks",
					"$(inherited)",
					"$(DEVELOPER_FRAMEWORKS_DIR)",
				);
				GCC_PRECOMPILE_PREFIX_HEADER = YES;
				GCC_PREFIX_HEADER = "Small Quiz/Small Quiz-Prefix.pch";
				INFOPLIST_FILE = "Small QuizTests/Small QuizTests-Info.plist";
				PRODUCT_NAME = "$(TARGET_NAME)";
				TEST_HOST = "$(BUNDLE_LOADER)";
				WRAPPER_EXTENSION = xctest;
			};
			name = Release;
		};
/* End XCBuildConfiguration section */

/* Begin XCConfigurationList section */
		23AA6A611974484C00556D54 /* Build configuration list for PBXProject "Small Quiz" */ = {
			isa = XCConfigurationList;
			buildConfigurations = (
				23AA6A901974484D00556D54 /* Debug */,
				23AA6A911974484D00556D54 /* Release */,
			);
			defaultConfigurationIsVisible = 0;
			defaultConfigurationName = Release;
		};
		23AA6A921974484D00556D54 /* Build configuration list for PBXNativeTarget "Small Quiz" */ = {
			isa = XCConfigurationList;
			buildConfigurations = (
				23AA6A931974484D00556D54 /* Debug */,
				23AA6A941974484D00556D54 /* Release */,
			);
			defaultConfigurationIsVisible = 0;
		};
		23AA6A951974484D00556D54 /* Build configuration list for PBXNativeTarget "Small QuizTests" */ = {
			isa = XCConfigurationList;
			buildConfigurations = (
				23AA6A961974484D00556D54 /* Debug */,
				23AA6A971974484D00556D54 /* Release */,
			);
			defaultConfigurationIsVisible = 0;
		};
/* End XCConfigurationList section */
	};
	rootObject = 23AA6A5E1974484C00556D54 /* Project object */;
}
